{
  "version": 1,
  "dependencies": {
    ".NETCoreApp,Version=v5.0": {
      "Arbor.Processing": {
        "type": "Direct",
        "requested": "[0.6.0, )",
        "resolved": "0.6.0",
        "contentHash": "KcuciNAfg/ArkDdcM1hHMeIprKwQjdHWV6zXBFAqmKDxGB9rdDHk9a1jHTVQ5r7y5gxAowCUGLgEcfheKItoig=="
      },
      "JetBrains.Annotations": {
        "type": "Direct",
        "requested": "[2020.3.0, )",
        "resolved": "2020.3.0",
        "contentHash": "FnX06vtxuoZnhZdR6UHt5kJ7HUC/syODfGLnhPDn1x5sXvvepNyCl4jMtPUzJfsPWh7q0Jo+AIYz5xaVbbyikA=="
      },
      "Serilog": {
        "type": "Direct",
        "requested": "[2.10.0, )",
        "resolved": "2.10.0",
        "contentHash": "+QX0hmf37a0/OZLxM3wL7V6/ADvC1XihXN4Kq/p6d8lCPfgkRdiuhbWlMaFjR9Av0dy5F0+MBeDmDdRZN/YwQA=="
      },
      "System.Collections.Immutable": {
        "type": "Direct",
        "requested": "[5.0.0, )",
        "resolved": "5.0.0",
        "contentHash": "FXkLXiK0sVVewcso0imKQoOxjoPAj42R8HtjjbSjVPAzwDfzoyoznWxgA3c38LDbN9SJux1xXoXYAhz98j7r2g=="
      }
    }
  }
}